
Microsoft Visual Studio Solution File, Format Version 11.00
# Visual Studio 2010
Project("{FAE04EC0-301F-11D3-BF4B-00C04F79EFBC}") = "JenkinsTestSite", "JenkinsTestSite\JenkinsTestSite.csproj", "{0F0A8094-6695-47A9-9F16-10C5810C5CEF}"
EndProject
Global
	GlobalSection(SolutionConfigurationPlatforms) = preSolution
		Debug|Any CPU = Debug|Any CPU
		Release|Any CPU = Release|Any CPU
	EndGlobalSection
	GlobalSection(ProjectConfigurationPlatforms) = postSolution
		{0F0A8094-6695-47A9-9F16-10C5810C5CEF}.Debug|Any CPU.ActiveCfg = Debug|Any CPU
		{0F0A8094-6695-47A9-9F16-10C5810C5CEF}.Debug|Any CPU.Build.0 = Debug|Any CPU
		{0F0A8094-6695-47A9-9F16-10C5810C5CEF}.Release|Any CPU.ActiveCfg = Release|Any CPU
		{0F0A8094-6695-47A9-9F16-10C5810C5CEF}.Release|Any CPU.Build.0 = Release|Any CPU
	EndGlobalSection
	GlobalSection(SolutionProperties) = preSolution
		HideSolutionNode = FALSE
	EndGlobalSection
EndGlobal
